
Microsoft Visual Studio Solution File, Format Version 12.00
# Visual Studio 15
VisualStudioVersion = 15.0.28307.1525
MinimumVisualStudioVersion = 10.0.40219.1
Project("{FAE04EC0-301F-11D3-BF4B-00C04F79EFBC}") = "Lendo_XML", "Teste_Geral\Lendo_XML.csproj", "{CE0D5356-CFE1-47E0-A231-EE2A3E668638}"
EndProject
Global
	GlobalSection(SolutionConfigurationPlatforms) = preSolution
		Debug|Any CPU = Debug|Any CPU
		Release|Any CPU = Release|Any CPU
	EndGlobalSection
	GlobalSection(ProjectConfigurationPlatforms) = postSolution
		{CE0D5356-CFE1-47E0-A231-EE2A3E668638}.Debug|Any CPU.ActiveCfg = Debug|Any CPU
		{CE0D5356-CFE1-47E0-A231-EE2A3E668638}.Debug|Any CPU.Build.0 = Debug|Any CPU
		{CE0D5356-CFE1-47E0-A231-EE2A3E668638}.Release|Any CPU.ActiveCfg = Release|Any CPU
		{CE0D5356-CFE1-47E0-A231-EE2A3E668638}.Release|Any CPU.Build.0 = Release|Any CPU
	EndGlobalSection
	GlobalSection(SolutionProperties) = preSolution
		HideSolutionNode = FALSE
	EndGlobalSection
	GlobalSection(ExtensibilityGlobals) = postSolution
		SolutionGuid = {05A98F46-E320-4C57-89F0-7FED6FB7019C}
	EndGlobalSection
EndGlobal
